// !$*UTF8*$!
{
	archiveVersion = 1;
	classes = {
	};
	objectVersion = 46;
	objects = {

/* Begin PBXBuildFile section */
		22FB577F1B74A7F70057AD5A /* AppDelegate.swift in Sources */ = {isa = PBXBuildFile; fileRef = 22FB577E1B74A7F70057AD5A /* AppDelegate.swift */; };
		22FB57811B74A7F70057AD5A /* ViewController.swift in Sources */ = {isa = PBXBuildFile; fileRef = 22FB57801B74A7F70057AD5A /* ViewController.swift */; };
		22FB57841B74A7F70057AD5A /* Main.storyboard in Resources */ = {isa = PBXBuildFile; fileRef = 22FB57821B74A7F70057AD5A /* Main.storyboard */; };
		22FB57861B74A7F70057AD5A /* Images.xcassets in Resources */ = {isa = PBXBuildFile; fileRef = 22FB57851B74A7F70057AD5A /* Images.xcassets */; };
		22FB57891B74A7F70057AD5A /* LaunchScreen.xib in Resources */ = {isa = PBXBuildFile; fileRef = 22FB57871B74A7F70057AD5A /* LaunchScreen.xib */; };
		22FB57951B74A7F70057AD5A /* NoStroyBoardTestTests.swift in Sources */ = {isa = PBXBuildFile; fileRef = 22FB57941B74A7F70057AD5A /* NoStroyBoardTestTests.swift */; };
/* End PBXBuildFile section */

/* Begin PBXContainerItemProxy section */
		22FB578F1B74A7F70057AD5A /* PBXContainerItemProxy */ = {
			isa = PBXContainerItemProxy;
			containerPortal = 22FB57711B74A7F60057AD5A /* Project object */;
			proxyType = 1;
			remoteGlobalIDString = 22FB57781B74A7F70057AD5A;
			remoteInfo = NoStroyBoardTest;
		};
/* End PBXContainerItemProxy section */

/* Begin PBXFileReference section */
		22FB57791B74A7F70057AD5A /* NoStroyBoardTest.app */ = {isa = PBXFileReference; explicitFileType = wrapper.application; includeInIndex = 0; path = NoStroyBoardTest.app; sourceTree = BUILT_PRODUCTS_DIR; };
		22FB577D1B74A7F70057AD5A /* Info.plist */ = {isa = PBXFileReference; lastKnownFileType = text.plist.xml; path = Info.plist; sourceTree = "<group>"; };
		22FB577E1B74A7F70057AD5A /* AppDelegate.swift */ = {isa = PBXFileReference; lastKnownFileType = sourcecode.swift; path = AppDelegate.swift; sourceTree = "<group>"; };
		22FB57801B74A7F70057AD5A /* ViewController.swift */ = {isa = PBXFileReference; lastKnownFileType = sourcecode.swift; path = ViewController.swift; sourceTree = "<group>"; };
		22FB57831B74A7F70057AD5A /* Base */ = {isa = PBXFileReference; lastKnownFileType = file.storyboard; name = Base; path = Base.lproj/Main.storyboard; sourceTree = "<group>"; };
		22FB57851B74A7F70057AD5A /* Images.xcassets */ = {isa = PBXFileReference; lastKnownFileType = folder.assetcatalog; path = Images.xcassets; sourceTree = "<group>"; };
		22FB57881B74A7F70057AD5A /* Base */ = {isa = PBXFileReference; lastKnownFileType = file.xib; name = Base; path = Base.lproj/LaunchScreen.xib; sourceTree = "<group>"; };
		22FB578E1B74A7F70057AD5A /* NoStroyBoardTestTests.xctest */ = {isa = PBXFileReference; explicitFileType = wrapper.cfbundle; includeInIndex = 0; path = NoStroyBoardTestTests.xctest; sourceTree = BUILT_PRODUCTS_DIR; };
		22FB57931B74A7F70057AD5A /* Info.plist */ = {isa = PBXFileReference; lastKnownFileType = text.plist.xml; path = Info.plist; sourceTree = "<group>"; };
		22FB57941B74A7F70057AD5A /* NoStroyBoardTestTests.swift */ = {isa = PBXFileReference; lastKnownFileType = sourcecode.swift; path = NoStroyBoardTestTests.swift; sourceTree = "<group>"; };
/* End PBXFileReference section */

/* Begin PBXFrameworksBuildPhase section */
		22FB57761B74A7F70057AD5A /* Frameworks */ = {
			isa = PBXFrameworksBuildPhase;
			buildActionMask = 2147483647;
			files = (
			);
			runOnlyForDeploymentPostprocessing = 0;
		};
		22FB578B1B74A7F70057AD5A /* Frameworks */ = {
			isa = PBXFrameworksBuildPhase;
			buildActionMask = 2147483647;
			files = (
			);
			runOnlyForDeploymentPostprocessing = 0;
		};
/* End PBXFrameworksBuildPhase section */

/* Begin PBXGroup section */
		22FB57701B74A7F60057AD5A = {
			isa = PBXGroup;
			children = (
				22FB577B1B74A7F70057AD5A /* NoStroyBoardTest */,
				22FB57911B74A7F70057AD5A /* NoStroyBoardTestTests */,
				22FB577A1B74A7F70057AD5A /* Products */,
			);
			sourceTree = "<group>";
		};
		22FB577A1B74A7F70057AD5A /* Products */ = {
			isa = PBXGroup;
			children = (
				22FB57791B74A7F70057AD5A /* NoStroyBoardTest.app */,
				22FB578E1B74A7F70057AD5A /* NoStroyBoardTestTests.xctest */,
			);
			name = Products;
			sourceTree = "<group>";
		};
		22FB577B1B74A7F70057AD5A /* NoStroyBoardTest */ = {
			isa = PBXGroup;
			children = (
				22FB577E1B74A7F70057AD5A /* AppDelegate.swift */,
				22FB57801B74A7F70057AD5A /* ViewController.swift */,
				22FB57821B74A7F70057AD5A /* Main.storyboard */,
				22FB57851B74A7F70057AD5A /* Images.xcassets */,
				22FB57871B74A7F70057AD5A /* LaunchScreen.xib */,
				22FB577C1B74A7F70057AD5A /* Supporting Files */,
			);
			path = NoStroyBoardTest;
			sourceTree = "<group>";
		};
		22FB577C1B74A7F70057AD5A /* Supporting Files */ = {
			isa = PBXGroup;
			children = (
				22FB577D1B74A7F70057AD5A /* Info.plist */,
			);
			name = "Supporting Files";
			sourceTree = "<group>";
		};
		22FB57911B74A7F70057AD5A /* NoStroyBoardTestTests */ = {
			isa = PBXGroup;
			children = (
				22FB57941B74A7F70057AD5A /* NoStroyBoardTestTests.swift */,
				22FB57921B74A7F70057AD5A /* Supporting Files */,
			);
			path = NoStroyBoardTestTests;
			sourceTree = "<group>";
		};
		22FB57921B74A7F70057AD5A /* Supporting Files */ = {
			isa = PBXGroup;
			children = (
				22FB57931B74A7F70057AD5A /* Info.plist */,
			);
			name = "Supporting Files";
			sourceTree = "<group>";
		};
/* End PBXGroup section */

/* Begin PBXNativeTarget section */
		22FB57781B74A7F70057AD5A /* NoStroyBoardTest */ = {
			isa = PBXNativeTarget;
			buildConfigurationList = 22FB57981B74A7F70057AD5A /* Build configuration list for PBXNativeTarget "NoStroyBoardTest" */;
			buildPhases = (
				22FB57751B74A7F70057AD5A /* Sources */,
				22FB57761B74A7F70057AD5A /* Frameworks */,
				22FB57771B74A7F70057AD5A /* Resources */,
			);
			buildRules = (
			);
			dependencies = (
			);
			name = NoStroyBoardTest;
			productName = NoStroyBoardTest;
			productReference = 22FB57791B74A7F70057AD5A /* NoStroyBoardTest.app */;
			productType = "com.apple.product-type.application";
		};
		22FB578D1B74A7F70057AD5A /* NoStroyBoardTestTests */ = {
			isa = PBXNativeTarget;
			buildConfigurationList = 22FB579B1B74A7F70057AD5A /* Build configuration list for PBXNativeTarget "NoStroyBoardTestTests" */;
			buildPhases = (
				22FB578A1B74A7F70057AD5A /* Sources */,
				22FB578B1B74A7F70057AD5A /* Frameworks */,
				22FB578C1B74A7F70057AD5A /* Resources */,
			);
			buildRules = (
			);
			dependencies = (
				22FB57901B74A7F70057AD5A /* PBXTargetDependency */,
			);
			name = NoStroyBoardTestTests;
			productName = NoStroyBoardTestTests;
			productReference = 22FB578E1B74A7F70057AD5A /* NoStroyBoardTestTests.xctest */;
			productType = "com.apple.product-type.bundle.unit-test";
		};
/* End PBXNativeTarget section */

/* Begin PBXProject section */
		22FB57711B74A7F60057AD5A /* Project object */ = {
			isa = PBXProject;
			attributes = {
				LastUpgradeCheck = 0640;
				ORGANIZATIONNAME = "Hao Xin";
				TargetAttributes = {
					22FB57781B74A7F70057AD5A = {
						CreatedOnToolsVersion = 6.4;
					};
					22FB578D1B74A7F70057AD5A = {
						CreatedOnToolsVersion = 6.4;
						TestTargetID = 22FB57781B74A7F70057AD5A;
					};
				};
			};
			buildConfigurationList = 22FB57741B74A7F60057AD5A /* Build configuration list for PBXProject "NoStroyBoardTest" */;
			compatibilityVersion = "Xcode 3.2";
			developmentRegion = English;
			hasScannedForEncodings = 0;
			knownRegions = (
				en,
				Base,
			);
			mainGroup = 22FB57701B74A7F60057AD5A;
			productRefGroup = 22FB577A1B74A7F70057AD5A /* Products */;
			projectDirPath = "";
			projectRoot = "";
			targets = (
				22FB57781B74A7F70057AD5A /* NoStroyBoardTest */,
				22FB578D1B74A7F70057AD5A /* NoStroyBoardTestTests */,
			);
		};
/* End PBXProject section */

/* Begin PBXResourcesBuildPhase section */
		22FB57771B74A7F70057AD5A /* Resources */ = {
			isa = PBXResourcesBuildPhase;
			buildActionMask = 2147483647;
			files = (
				22FB57841B74A7F70057AD5A /* Main.storyboard in Resources */,
				22FB57891B74A7F70057AD5A /* LaunchScreen.xib in Resources */,
				22FB57861B74A7F70057AD5A /* Images.xcassets in Resources */,
			);
			runOnlyForDeploymentPostprocessing = 0;
		};
		22FB578C1B74A7F70057AD5A /* Resources */ = {
			isa = PBXResourcesBuildPhase;
			buildActionMask = 2147483647;
			files = (
			);
			runOnlyForDeploymentPostprocessing = 0;
		};
/* End PBXResourcesBuildPhase section */

/* Begin PBXSourcesBuildPhase section */
		22FB57751B74A7F70057AD5A /* Sources */ = {
			isa = PBXSourcesBuildPhase;
			buildActionMask = 2147483647;
			files = (
				22FB57811B74A7F70057AD5A /* ViewController.swift in Sources */,
				22FB577F1B74A7F70057AD5A /* AppDelegate.swift in Sources */,
			);
			runOnlyForDeploymentPostprocessing = 0;
		};
		22FB578A1B74A7F70057AD5A /* Sources */ = {
			isa = PBXSourcesBuildPhase;
			buildActionMask = 2147483647;
			files = (
				22FB57951B74A7F70057AD5A /* NoStroyBoardTestTests.swift in Sources */,
			);
			runOnlyForDeploymentPostprocessing = 0;
		};
/* End PBXSourcesBuildPhase section */

/* Begin PBXTargetDependency section */
		22FB57901B74A7F70057AD5A /* PBXTargetDependency */ = {
			isa = PBXTargetDependency;
			target = 22FB57781B74A7F70057AD5A /* NoStroyBoardTest */;
			targetProxy = 22FB578F1B74A7F70057AD5A /* PBXContainerItemProxy */;
		};
/* End PBXTargetDependency section */

/* Begin PBXVariantGroup section */
		22FB57821B74A7F70057AD5A /* Main.storyboard */ = {
			isa = PBXVariantGroup;
			children = (
				22FB57831B74A7F70057AD5A /* Base */,
			);
			name = Main.storyboard;
			sourceTree = "<group>";
		};
		22FB57871B74A7F70057AD5A /* LaunchScreen.xib */ = {
			isa = PBXVariantGroup;
			children = (
				22FB57881B74A7F70057AD5A /* Base */,
			);
			name = LaunchScreen.xib;
			sourceTree = "<group>";
		};
/* End PBXVariantGroup section */

/* Begin XCBuildConfiguration section */
		22FB57961B74A7F70057AD5A /* Debug */ = {
			isa = XCBuildConfiguration;
			buildSettings = {
				ALWAYS_SEARCH_USER_PATHS = NO;
				CLANG_CXX_LANGUAGE_STANDARD = "gnu++0x";
				CLANG_CXX_LIBRARY = "libc++";
				CLANG_ENABLE_MODULES = YES;
				CLANG_ENABLE_OBJC_ARC = YES;
				CLANG_WARN_BOOL_CONVERSION = YES;
				CLANG_WARN_CONSTANT_CONVERSION = YES;
				CLANG_WARN_DIRECT_OBJC_ISA_USAGE = YES_ERROR;
				CLANG_WARN_EMPTY_BODY = YES;
				CLANG_WARN_ENUM_CONVERSION = YES;
				CLANG_WARN_INT_CONVERSION = YES;
				CLANG_WARN_OBJC_ROOT_CLASS = YES_ERROR;
				CLANG_WARN_UNREACHABLE_CODE = YES;
				CLANG_WARN__DUPLICATE_METHOD_MATCH = YES;
				"CODE_SIGN_IDENTITY[sdk=iphoneos*]" = "iPhone Developer";
				COPY_PHASE_STRIP = NO;
				DEBUG_INFORMATION_FORMAT = "dwarf-with-dsym";
				ENABLE_STRICT_OBJC_MSGSEND = YES;
				GCC_C_LANGUAGE_STANDARD = gnu99;
				GCC_DYNAMIC_NO_PIC = NO;
				GCC_NO_COMMON_BLOCKS = YES;
				GCC_OPTIMIZATION_LEVEL = 0;
				GCC_PREPROCESSOR_DEFINITIONS = (
					"DEBUG=1",
					"$(inherited)",
				);
				GCC_SYMBOLS_PRIVATE_EXTERN = NO;
				GCC_WARN_64_TO_32_BIT_CONVERSION = YES;
				GCC_WARN_ABOUT_RETURN_TYPE = YES_ERROR;
				GCC_WARN_UNDECLARED_SELECTOR = YES;
				GCC_WARN_UNINITIALIZED_AUTOS = YES_AGGRESSIVE;
				GCC_WARN_UNUSED_FUNCTION = YES;
				GCC_WARN_UNUSED_VARIABLE = YES;
				IPHONEOS_DEPLOYMENT_TARGET = 8.4;
				MTL_ENABLE_DEBUG_INFO = YES;
				ONLY_ACTIVE_ARCH = YES;
				SDKROOT = iphoneos;
				SWIFT_OPTIMIZATION_LEVEL = "-Onone";
				TARGETED_DEVICE_FAMILY = "1,2";
			};
			name = Debug;
		};
		22FB57971B74A7F70057AD5A /* Release */ = {
			isa = XCBuildConfiguration;
			buildSettings = {
				ALWAYS_SEARCH_USER_PATHS = NO;
				CLANG_CXX_LANGUAGE_STANDARD = "gnu++0x";
				CLANG_CXX_LIBRARY = "libc++";
				CLANG_ENABLE_MODULES = YES;
				CLANG_ENABLE_OBJC_ARC = YES;
				CLANG_WARN_BOOL_CONVERSION = YES;
				CLANG_WARN_CONSTANT_CONVERSION = YES;
				CLANG_WARN_DIRECT_OBJC_ISA_USAGE = YES_ERROR;
				CLANG_WARN_EMPTY_BODY = YES;
				CLANG_WARN_ENUM_CONVERSION = YES;
				CLANG_WARN_INT_CONVERSION = YES;
				CLANG_WARN_OBJC_ROOT_CLASS = YES_ERROR;
				CLANG_WARN_UNREACHABLE_CODE = YES;
				CLANG_WARN__DUPLICATE_METHOD_MATCH = YES;
				"CODE_SIGN_IDENTITY[sdk=iphoneos*]" = "iPhone Developer";
				COPY_PHASE_STRIP = NO;
				DEBUG_INFORMATION_FORMAT = "dwarf-with-dsym";
				ENABLE_NS_ASSERTIONS = NO;
				ENABLE_STRICT_OBJC_MSGSEND = YES;
				GCC_C_LANGUAGE_STANDARD = gnu99;
				GCC_NO_COMMON_BLOCKS = YES;
				GCC_WARN_64_TO_32_BIT_CONVERSION = YES;
				GCC_WARN_ABOUT_RETURN_TYPE = YES_ERROR;
				GCC_WARN_UNDECLARED_SELECTOR = YES;
				GCC_WARN_UNINITIALIZED_AUTOS = YES_AGGRESSIVE;
				GCC_WARN_UNUSED_FUNCTION = YES;
				GCC_WARN_UNUSED_VARIABLE = YES;
				IPHONEOS_DEPLOYMENT_TARGET = 8.4;
				MTL_ENABLE_DEBUG_INFO = NO;
				SDKROOT = iphoneos;
				TARGETED_DEVICE_FAMILY = "1,2";
				VALIDATE_PRODUCT = YES;
			};
			name = Release;
		};
		22FB57991B74A7F70057AD5A /* Debug */ = {
			isa = XCBuildConfiguration;
			buildSettings = {
				ASSETCATALOG_COMPILER_APPICON_NAME = AppIcon;
				INFOPLIST_FILE = NoStroyBoardTest/Info.plist;
				LD_RUNPATH_SEARCH_PATHS = "$(inherited) @executable_path/Frameworks";
				PRODUCT_NAME = "$(TARGET_NAME)";
			};
			name = Debug;
		};
		22FB579A1B74A7F70057AD5A /* Release */ = {
			isa = XCBuildConfiguration;
			buildSettings = {
				ASSETCATALOG_COMPILER_APPICON_NAME = AppIcon;
				INFOPLIST_FILE = NoStroyBoardTest/Info.plist;
				LD_RUNPATH_SEARCH_PATHS = "$(inherited) @executable_path/Frameworks";
				PRODUCT_NAME = "$(TARGET_NAME)";
			};
			name = Release;
		};
		22FB579C1B74A7F70057AD5A /* Debug */ = {
			isa = XCBuildConfiguration;
			buildSettings = {
				BUNDLE_LOADER = "$(TEST_HOST)";
				FRAMEWORK_SEARCH_PATHS = (
					"$(SDKROOT)/Developer/Library/Frameworks",
					"$(inherited)",
				);
				GCC_PREPROCESSOR_DEFINITIONS = (
					"DEBUG=1",
					"$(inherited)",
				);
				INFOPLIST_FILE = NoStroyBoardTestTests/Info.plist;
				LD_RUNPATH_SEARCH_PATHS = "$(inherited) @executable_path/Frameworks @loader_path/Frameworks";
				PRODUCT_NAME = "$(TARGET_NAME)";
				TEST_HOST = "$(BUILT_PRODUCTS_DIR)/NoStroyBoardTest.app/NoStroyBoardTest";
			};
			name = Debug;
		};
		22FB579D1B74A7F70057AD5A /* Release */ = {
			isa = XCBuildConfiguration;
			buildSettings = {
				BUNDLE_LOADER = "$(TEST_HOST)";
				FRAMEWORK_SEARCH_PATHS = (
					"$(SDKROOT)/Developer/Library/Frameworks",
					"$(inherited)",
				);
				INFOPLIST_FILE = NoStroyBoardTestTests/Info.plist;
				LD_RUNPATH_SEARCH_PATHS = "$(inherited) @executable_path/Frameworks @loader_path/Frameworks";
				PRODUCT_NAME = "$(TARGET_NAME)";
				TEST_HOST = "$(BUILT_PRODUCTS_DIR)/NoStroyBoardTest.app/NoStroyBoardTest";
			};
			name = Release;
		};
/* End XCBuildConfiguration section */

/* Begin XCConfigurationList section */
		22FB57741B74A7F60057AD5A /* Build configuration list for PBXProject "NoStroyBoardTest" */ = {
			isa = XCConfigurationList;
			buildConfigurations = (
				22FB57961B74A7F70057AD5A /* Debug */,
				22FB57971B74A7F70057AD5A /* Release */,
			);
			defaultConfigurationIsVisible = 0;
			defaultConfigurationName = Release;
		};
		22FB57981B74A7F70057AD5A /* Build configuration list for PBXNativeTarget "NoStroyBoardTest" */ = {
			isa = XCConfigurationList;
			buildConfigurations = (
				22FB57991B74A7F70057AD5A /* Debug */,
				22FB579A1B74A7F70057AD5A /* Release */,
			);
			defaultConfigurationIsVisible = 0;
		};
		22FB579B1B74A7F70057AD5A /* Build configuration list for PBXNativeTarget "NoStroyBoardTestTests" */ = {
			isa = XCConfigurationList;
			buildConfigurations = (
				22FB579C1B74A7F70057AD5A /* Debug */,
				22FB579D1B74A7F70057AD5A /* Release */,
			);
			defaultConfigurationIsVisible = 0;
		};
/* End XCConfigurationList section */
	};
	rootObject = 22FB57711B74A7F60057AD5A /* Project object */;
}
